// !$*UTF8*$!
{
	archiveVersion = 1;
	classes = {
	};
	objectVersion = 45;
	objects = {

/* Begin PBXAggregateTarget section */
		24416B8111C4CA220047AFDD /* Build & Test */ = {
			isa = PBXAggregateTarget;
			buildConfigurationList = 24416B8A11C4CA520047AFDD /* Build configuration list for PBXAggregateTarget "Build & Test" */;
			buildPhases = (
				24416B8011C4CA220047AFDD /* ShellScript */,
			);
			dependencies = (
				24416B8511C4CA280047AFDD /* PBXTargetDependency */,
			);
			name = "Build & Test";
			productName = "Build & test";
		};
/* End PBXAggregateTarget section */

/* Begin PBXBuildFile section */
		24DD6CF91134B3F500162E58 /* TiInmobiModule.h in Headers */ = {isa = PBXBuildFile; fileRef = 24DD6CF71134B3F500162E58 /* TiInmobiModule.h */; };
		24DD6CFA1134B3F500162E58 /* TiInmobiModule.m in Sources */ = {isa = PBXBuildFile; fileRef = 24DD6CF81134B3F500162E58 /* TiInmobiModule.m */; };
		24DE9E1111C5FE74003F90F6 /* TiInmobiModuleAssets.h in Headers */ = {isa = PBXBuildFile; fileRef = 24DE9E0F11C5FE74003F90F6 /* TiInmobiModuleAssets.h */; };
		24DE9E1211C5FE74003F90F6 /* TiInmobiModuleAssets.m in Sources */ = {isa = PBXBuildFile; fileRef = 24DE9E1011C5FE74003F90F6 /* TiInmobiModuleAssets.m */; };
		A35CFA3C15663D4300E9667F /* AVFoundation.framework in Frameworks */ = {isa = PBXBuildFile; fileRef = A35CFA3215663D4300E9667F /* AVFoundation.framework */; };
		A35CFA3D15663D4300E9667F /* MediaPlayer.framework in Frameworks */ = {isa = PBXBuildFile; fileRef = A35CFA3315663D4300E9667F /* MediaPlayer.framework */; };
		A35CFA3E15663D4300E9667F /* Security.framework in Frameworks */ = {isa = PBXBuildFile; fileRef = A35CFA3415663D4300E9667F /* Security.framework */; };
		A35CFA3F15663D4300E9667F /* SystemConfiguration.framework in Frameworks */ = {isa = PBXBuildFile; fileRef = A35CFA3515663D4300E9667F /* SystemConfiguration.framework */; };
		A35CFA4015663D4300E9667F /* MessageUI.framework in Frameworks */ = {isa = PBXBuildFile; fileRef = A35CFA3615663D4300E9667F /* MessageUI.framework */; };
		A35CFA4115663D4300E9667F /* QuartzCore.framework in Frameworks */ = {isa = PBXBuildFile; fileRef = A35CFA3715663D4300E9667F /* QuartzCore.framework */; };
		A35CFA4215663D4300E9667F /* UIKit.framework in Frameworks */ = {isa = PBXBuildFile; fileRef = A35CFA3815663D4300E9667F /* UIKit.framework */; };
		A35CFA4315663D4300E9667F /* CoreGraphics.framework in Frameworks */ = {isa = PBXBuildFile; fileRef = A35CFA3915663D4300E9667F /* CoreGraphics.framework */; };
		A35CFA4415663D4300E9667F /* CoreLocation.framework in Frameworks */ = {isa = PBXBuildFile; fileRef = A35CFA3A15663D4300E9667F /* CoreLocation.framework */; };
		A35CFA4515663D4300E9667F /* Foundation.framework in Frameworks */ = {isa = PBXBuildFile; fileRef = A35CFA3B15663D4300E9667F /* Foundation.framework */; };
		A35CFA4B15663D6300E9667F /* IMAdDelegate.h in Headers */ = {isa = PBXBuildFile; fileRef = A35CFA4615663D6300E9667F /* IMAdDelegate.h */; };
		A35CFA4C15663D6300E9667F /* IMAdError.h in Headers */ = {isa = PBXBuildFile; fileRef = A35CFA4715663D6300E9667F /* IMAdError.h */; };
		A35CFA4D15663D6300E9667F /* IMAdRequest.h in Headers */ = {isa = PBXBuildFile; fileRef = A35CFA4815663D6300E9667F /* IMAdRequest.h */; };
		A35CFA4E15663D6300E9667F /* IMAdView.h in Headers */ = {isa = PBXBuildFile; fileRef = A35CFA4915663D6300E9667F /* IMAdView.h */; };
		A35CFA4F15663D6300E9667F /* IMSDKUtil.h in Headers */ = {isa = PBXBuildFile; fileRef = A35CFA4A15663D6300E9667F /* IMSDKUtil.h */; };
		AA747D9F0F9514B9006C5449 /* TiInmobi_Prefix.pch in Headers */ = {isa = PBXBuildFile; fileRef = AA747D9E0F9514B9006C5449 /* TiInmobi_Prefix.pch */; };
/* End PBXBuildFile section */

/* Begin PBXContainerItemProxy section */
		24416B8411C4CA280047AFDD /* PBXContainerItemProxy */ = {
			isa = PBXContainerItemProxy;
			containerPortal = 0867D690FE84028FC02AAC07 /* Project object */;
			proxyType = 1;
			remoteGlobalIDString = D2AAC07D0554694100DB518D;
			remoteInfo = inmobimodule;
		};
/* End PBXContainerItemProxy section */

/* Begin PBXFileReference section */
		24DD6CF71134B3F500162E58 /* TiInmobiModule.h */ = {isa = PBXFileReference; fileEncoding = 4; lastKnownFileType = sourcecode.c.h; name = TiInmobiModule.h; path = Classes/TiInmobiModule.h; sourceTree = "<group>"; };
		24DD6CF81134B3F500162E58 /* TiInmobiModule.m */ = {isa = PBXFileReference; fileEncoding = 4; lastKnownFileType = sourcecode.c.objc; name = TiInmobiModule.m; path = Classes/TiInmobiModule.m; sourceTree = "<group>"; };
		24DD6D1B1134B66800162E58 /* titanium.xcconfig */ = {isa = PBXFileReference; fileEncoding = 4; lastKnownFileType = text.xcconfig; path = titanium.xcconfig; sourceTree = "<group>"; };
		24DE9E0F11C5FE74003F90F6 /* TiInmobiModuleAssets.h */ = {isa = PBXFileReference; fileEncoding = 4; lastKnownFileType = sourcecode.c.h; name = TiInmobiModuleAssets.h; path = Classes/TiInmobiModuleAssets.h; sourceTree = "<group>"; };
		24DE9E1011C5FE74003F90F6 /* TiInmobiModuleAssets.m */ = {isa = PBXFileReference; fileEncoding = 4; lastKnownFileType = sourcecode.c.objc; name = TiInmobiModuleAssets.m; path = Classes/TiInmobiModuleAssets.m; sourceTree = "<group>"; };
		A35CFA3015663D2A00E9667F /* module.xcconfig */ = {isa = PBXFileReference; fileEncoding = 4; lastKnownFileType = text.xcconfig; name = module.xcconfig; path = ../InMobiApp/module.xcconfig; sourceTree = "<group>"; };
		A35CFA3215663D4300E9667F /* AVFoundation.framework */ = {isa = PBXFileReference; lastKnownFileType = wrapper.framework; name = AVFoundation.framework; path = System/Library/Frameworks/AVFoundation.framework; sourceTree = SDKROOT; };
		A35CFA3315663D4300E9667F /* MediaPlayer.framework */ = {isa = PBXFileReference; lastKnownFileType = wrapper.framework; name = MediaPlayer.framework; path = System/Library/Frameworks/MediaPlayer.framework; sourceTree = SDKROOT; };
		A35CFA3415663D4300E9667F /* Security.framework */ = {isa = PBXFileReference; lastKnownFileType = wrapper.framework; name = Security.framework; path = System/Library/Frameworks/Security.framework; sourceTree = SDKROOT; };
		A35CFA3515663D4300E9667F /* SystemConfiguration.framework */ = {isa = PBXFileReference; lastKnownFileType = wrapper.framework; name = SystemConfiguration.framework; path = System/Library/Frameworks/SystemConfiguration.framework; sourceTree = SDKROOT; };
		A35CFA3615663D4300E9667F /* MessageUI.framework */ = {isa = PBXFileReference; lastKnownFileType = wrapper.framework; name = MessageUI.framework; path = System/Library/Frameworks/MessageUI.framework; sourceTree = SDKROOT; };
		A35CFA3715663D4300E9667F /* QuartzCore.framework */ = {isa = PBXFileReference; lastKnownFileType = wrapper.framework; name = QuartzCore.framework; path = System/Library/Frameworks/QuartzCore.framework; sourceTree = SDKROOT; };
		A35CFA3815663D4300E9667F /* UIKit.framework */ = {isa = PBXFileReference; lastKnownFileType = wrapper.framework; name = UIKit.framework; path = System/Library/Frameworks/UIKit.framework; sourceTree = SDKROOT; };
		A35CFA3915663D4300E9667F /* CoreGraphics.framework */ = {isa = PBXFileReference; lastKnownFileType = wrapper.framework; name = CoreGraphics.framework; path = System/Library/Frameworks/CoreGraphics.framework; sourceTree = SDKROOT; };
		A35CFA3A15663D4300E9667F /* CoreLocation.framework */ = {isa = PBXFileReference; lastKnownFileType = wrapper.framework; name = CoreLocation.framework; path = System/Library/Frameworks/CoreLocation.framework; sourceTree = SDKROOT; };
		A35CFA3B15663D4300E9667F /* Foundation.framework */ = {isa = PBXFileReference; lastKnownFileType = wrapper.framework; name = Foundation.framework; path = System/Library/Frameworks/Foundation.framework; sourceTree = SDKROOT; };
		A35CFA4615663D6300E9667F /* IMAdDelegate.h */ = {isa = PBXFileReference; fileEncoding = 4; lastKnownFileType = sourcecode.c.h; name = IMAdDelegate.h; path = ../InMobiApp/Classes/IMAdDelegate.h; sourceTree = "<group>"; };
		A35CFA4715663D6300E9667F /* IMAdError.h */ = {isa = PBXFileReference; fileEncoding = 4; lastKnownFileType = sourcecode.c.h; name = IMAdError.h; path = ../InMobiApp/Classes/IMAdError.h; sourceTree = "<group>"; };
		A35CFA4815663D6300E9667F /* IMAdRequest.h */ = {isa = PBXFileReference; fileEncoding = 4; lastKnownFileType = sourcecode.c.h; name = IMAdRequest.h; path = ../InMobiApp/Classes/IMAdRequest.h; sourceTree = "<group>"; };
		A35CFA4915663D6300E9667F /* IMAdView.h */ = {isa = PBXFileReference; fileEncoding = 4; lastKnownFileType = sourcecode.c.h; name = IMAdView.h; path = ../InMobiApp/Classes/IMAdView.h; sourceTree = "<group>"; };
		A35CFA4A15663D6300E9667F /* IMSDKUtil.h */ = {isa = PBXFileReference; fileEncoding = 4; lastKnownFileType = sourcecode.c.h; name = IMSDKUtil.h; path = ../InMobiApp/Classes/IMSDKUtil.h; sourceTree = "<group>"; };
		AA747D9E0F9514B9006C5449 /* TiInmobi_Prefix.pch */ = {isa = PBXFileReference; fileEncoding = 4; lastKnownFileType = sourcecode.c.h; path = TiInmobi_Prefix.pch; sourceTree = SOURCE_ROOT; };
		D2AAC07E0554694100DB518D /* libTiInmobi.a */ = {isa = PBXFileReference; explicitFileType = archive.ar; includeInIndex = 0; path = libTiInmobi.a; sourceTree = BUILT_PRODUCTS_DIR; };
/* End PBXFileReference section */

/* Begin PBXFrameworksBuildPhase section */
		D2AAC07C0554694100DB518D /* Frameworks */ = {
			isa = PBXFrameworksBuildPhase;
			buildActionMask = 2147483647;
			files = (
				A35CFA3C15663D4300E9667F /* AVFoundation.framework in Frameworks */,
				A35CFA3D15663D4300E9667F /* MediaPlayer.framework in Frameworks */,
				A35CFA3E15663D4300E9667F /* Security.framework in Frameworks */,
				A35CFA3F15663D4300E9667F /* SystemConfiguration.framework in Frameworks */,
				A35CFA4015663D4300E9667F /* MessageUI.framework in Frameworks */,
				A35CFA4115663D4300E9667F /* QuartzCore.framework in Frameworks */,
				A35CFA4215663D4300E9667F /* UIKit.framework in Frameworks */,
				A35CFA4315663D4300E9667F /* CoreGraphics.framework in Frameworks */,
				A35CFA4415663D4300E9667F /* CoreLocation.framework in Frameworks */,
				A35CFA4515663D4300E9667F /* Foundation.framework in Frameworks */,
			);
			runOnlyForDeploymentPostprocessing = 0;
		};
/* End PBXFrameworksBuildPhase section */

/* Begin PBXGroup section */
		034768DFFF38A50411DB9C8B /* Products */ = {
			isa = PBXGroup;
			children = (
				D2AAC07E0554694100DB518D /* libTiInmobi.a */,
			);
			name = Products;
			sourceTree = "<group>";
		};
		0867D691FE84028FC02AAC07 /* inmobimodule */ = {
			isa = PBXGroup;
			children = (
				08FB77AEFE84172EC02AAC07 /* Classes */,
				32C88DFF0371C24200C91783 /* Other Sources */,
				0867D69AFE84028FC02AAC07 /* Frameworks */,
				034768DFFF38A50411DB9C8B /* Products */,
			);
			name = inmobimodule;
			sourceTree = "<group>";
		};
		0867D69AFE84028FC02AAC07 /* Frameworks */ = {
			isa = PBXGroup;
			children = (
				A35CFA3215663D4300E9667F /* AVFoundation.framework */,
				A35CFA3315663D4300E9667F /* MediaPlayer.framework */,
				A35CFA3415663D4300E9667F /* Security.framework */,
				A35CFA3515663D4300E9667F /* SystemConfiguration.framework */,
				A35CFA3615663D4300E9667F /* MessageUI.framework */,
				A35CFA3715663D4300E9667F /* QuartzCore.framework */,
				A35CFA3815663D4300E9667F /* UIKit.framework */,
				A35CFA3915663D4300E9667F /* CoreGraphics.framework */,
				A35CFA3A15663D4300E9667F /* CoreLocation.framework */,
				A35CFA3B15663D4300E9667F /* Foundation.framework */,
			);
			name = Frameworks;
			sourceTree = "<group>";
		};
		08FB77AEFE84172EC02AAC07 /* Classes */ = {
			isa = PBXGroup;
			children = (
				A35CFA4615663D6300E9667F /* IMAdDelegate.h */,
				A35CFA4715663D6300E9667F /* IMAdError.h */,
				A35CFA4815663D6300E9667F /* IMAdRequest.h */,
				A35CFA4915663D6300E9667F /* IMAdView.h */,
				A35CFA4A15663D6300E9667F /* IMSDKUtil.h */,
				24DE9E0F11C5FE74003F90F6 /* TiInmobiModuleAssets.h */,
				24DE9E1011C5FE74003F90F6 /* TiInmobiModuleAssets.m */,
				24DD6CF71134B3F500162E58 /* TiInmobiModule.h */,
				24DD6CF81134B3F500162E58 /* TiInmobiModule.m */,
			);
			name = Classes;
			sourceTree = "<group>";
		};
		32C88DFF0371C24200C91783 /* Other Sources */ = {
			isa = PBXGroup;
			children = (
				A35CFA3015663D2A00E9667F /* module.xcconfig */,
				AA747D9E0F9514B9006C5449 /* TiInmobi_Prefix.pch */,
				24DD6D1B1134B66800162E58 /* titanium.xcconfig */,
			);
			name = "Other Sources";
			sourceTree = "<group>";
		};
/* End PBXGroup section */

/* Begin PBXHeadersBuildPhase section */
		D2AAC07A0554694100DB518D /* Headers */ = {
			isa = PBXHeadersBuildPhase;
			buildActionMask = 2147483647;
			files = (
				AA747D9F0F9514B9006C5449 /* TiInmobi_Prefix.pch in Headers */,
				24DD6CF91134B3F500162E58 /* TiInmobiModule.h in Headers */,
				24DE9E1111C5FE74003F90F6 /* TiInmobiModuleAssets.h in Headers */,
				A35CFA4B15663D6300E9667F /* IMAdDelegate.h in Headers */,
				A35CFA4C15663D6300E9667F /* IMAdError.h in Headers */,
				A35CFA4D15663D6300E9667F /* IMAdRequest.h in Headers */,
				A35CFA4E15663D6300E9667F /* IMAdView.h in Headers */,
				A35CFA4F15663D6300E9667F /* IMSDKUtil.h in Headers */,
			);
			runOnlyForDeploymentPostprocessing = 0;
		};
/* End PBXHeadersBuildPhase section */

/* Begin PBXNativeTarget section */
		D2AAC07D0554694100DB518D /* inmobimodule */ = {
			isa = PBXNativeTarget;
			buildConfigurationList = 1DEB921E08733DC00010E9CD /* Build configuration list for PBXNativeTarget "inmobimodule" */;
			buildPhases = (
				D2AAC07A0554694100DB518D /* Headers */,
				D2AAC07B0554694100DB518D /* Sources */,
				D2AAC07C0554694100DB518D /* Frameworks */,
			);
			buildRules = (
			);
			dependencies = (
			);
			name = inmobimodule;
			productName = inmobimodule;
			productReference = D2AAC07E0554694100DB518D /* libTiInmobi.a */;
			productType = "com.apple.product-type.library.static";
		};
/* End PBXNativeTarget section */

/* Begin PBXProject section */
		0867D690FE84028FC02AAC07 /* Project object */ = {
			isa = PBXProject;
			buildConfigurationList = 1DEB922208733DC00010E9CD /* Build configuration list for PBXProject "inmobimodule" */;
			compatibilityVersion = "Xcode 3.1";
			developmentRegion = English;
			hasScannedForEncodings = 1;
			knownRegions = (
				English,
				Japanese,
				French,
				German,
			);
			mainGroup = 0867D691FE84028FC02AAC07 /* inmobimodule */;
			productRefGroup = 034768DFFF38A50411DB9C8B /* Products */;
			projectDirPath = "";
			projectRoot = "";
			targets = (
				D2AAC07D0554694100DB518D /* inmobimodule */,
				24416B8111C4CA220047AFDD /* Build & Test */,
			);
		};
/* End PBXProject section */

/* Begin PBXShellScriptBuildPhase section */
		24416B8011C4CA220047AFDD /* ShellScript */ = {
			isa = PBXShellScriptBuildPhase;
			buildActionMask = 2147483647;
			files = (
			);
			inputPaths = (
			);
			outputPaths = (
			);
			runOnlyForDeploymentPostprocessing = 0;
			shellPath = /bin/sh;
			shellScript = "# shell script goes here\n\npython \"${TITANIUM_SDK}/titanium.py\" run --dir=\"${PROJECT_DIR}\"\nexit $?\n";
		};
/* End PBXShellScriptBuildPhase section */

/* Begin PBXSourcesBuildPhase section */
		D2AAC07B0554694100DB518D /* Sources */ = {
			isa = PBXSourcesBuildPhase;
			buildActionMask = 2147483647;
			files = (
				24DD6CFA1134B3F500162E58 /* TiInmobiModule.m in Sources */,
				24DE9E1211C5FE74003F90F6 /* TiInmobiModuleAssets.m in Sources */,
			);
			runOnlyForDeploymentPostprocessing = 0;
		};
/* End PBXSourcesBuildPhase section */

/* Begin PBXTargetDependency section */
		24416B8511C4CA280047AFDD /* PBXTargetDependency */ = {
			isa = PBXTargetDependency;
			target = D2AAC07D0554694100DB518D /* inmobimodule */;
			targetProxy = 24416B8411C4CA280047AFDD /* PBXContainerItemProxy */;
		};
/* End PBXTargetDependency section */

/* Begin XCBuildConfiguration section */
		1DEB921F08733DC00010E9CD /* Debug */ = {
			isa = XCBuildConfiguration;
			baseConfigurationReference = 24DD6D1B1134B66800162E58 /* titanium.xcconfig */;
			buildSettings = {
				ARCHS = (
					armv6,
					armv7,
				);
				"ARCHS[sdk=iphoneos*]" = (
					armv6,
					armv7,
				);
				"ARCHS[sdk=iphonesimulator*]" = i386;
				CODE_SIGN_IDENTITY = "iPhone Developer";
				"CODE_SIGN_IDENTITY[sdk=iphoneos*]" = "iPhone Developer";
				DSTROOT = /tmp/TiInmobi.dst;
				GCC_C_LANGUAGE_STANDARD = c99;
				GCC_OPTIMIZATION_LEVEL = 0;
				GCC_PRECOMPILE_PREFIX_HEADER = YES;
				GCC_PREFIX_HEADER = TiInmobi_Prefix.pch;
				GCC_PREPROCESSOR_DEFINITIONS = "TI_VERSION=$(TI_VERSION)";
				GCC_TREAT_WARNINGS_AS_ERRORS = NO;
				GCC_VERSION = "";
				GCC_WARN_ABOUT_RETURN_TYPE = NO;
				GCC_WARN_MISSING_PARENTHESES = NO;
				GCC_WARN_SHADOW = NO;
				GCC_WARN_STRICT_SELECTOR_MATCH = NO;
				GCC_WARN_UNUSED_FUNCTION = YES;
				GCC_WARN_UNUSED_PARAMETER = NO;
				GCC_WARN_UNUSED_VALUE = NO;
				GCC_WARN_UNUSED_VARIABLE = NO;
				INSTALL_PATH = /usr/local/lib;
				OTHER_CFLAGS = (
					"-DDEBUG",
					"-DTI_POST_1_2",
				);
				OTHER_LDFLAGS = "-ObjC";
				PRODUCT_NAME = TiInmobi;
				PROVISIONING_PROFILE = "";
				"PROVISIONING_PROFILE[sdk=iphoneos*]" = "";
				RUN_CLANG_STATIC_ANALYZER = NO;
				SDKROOT = iphoneos;
				USER_HEADER_SEARCH_PATHS = "";
			};
			name = Debug;
		};
		1DEB922008733DC00010E9CD /* Release */ = {
			isa = XCBuildConfiguration;
			baseConfigurationReference = 24DD6D1B1134B66800162E58 /* titanium.xcconfig */;
			buildSettings = {
				ALWAYS_SEARCH_USER_PATHS = NO;
				ARCHS = (
					armv6,
					armv7,
				);
				"ARCHS[sdk=iphoneos*]" = (
					armv6,
					armv7,
				);
				"ARCHS[sdk=iphonesimulator*]" = i386;
				DSTROOT = /tmp/TiInmobi.dst;
				GCC_C_LANGUAGE_STANDARD = c99;
				GCC_MODEL_TUNING = G5;
				GCC_PRECOMPILE_PREFIX_HEADER = YES;
				GCC_PREFIX_HEADER = TiInmobi_Prefix.pch;
				GCC_PREPROCESSOR_DEFINITIONS = "TI_VERSION=$(TI_VERSION)";
				GCC_TREAT_WARNINGS_AS_ERRORS = NO;
				GCC_VERSION = "";
				GCC_WARN_ABOUT_RETURN_TYPE = NO;
				GCC_WARN_MISSING_PARENTHESES = NO;
				GCC_WARN_SHADOW = NO;
				GCC_WARN_STRICT_SELECTOR_MATCH = NO;
				GCC_WARN_UNUSED_FUNCTION = YES;
				GCC_WARN_UNUSED_PARAMETER = NO;
				GCC_WARN_UNUSED_VALUE = NO;
				GCC_WARN_UNUSED_VARIABLE = NO;
				INSTALL_PATH = /usr/local/lib;
				IPHONEOS_DEPLOYMENT_TARGET = 4.0;
				OTHER_CFLAGS = "-DTI_POST_1_2";
				OTHER_LDFLAGS = "-ObjC";
				PRODUCT_NAME = TiInmobi;
				RUN_CLANG_STATIC_ANALYZER = NO;
				SDKROOT = iphoneos;
				USER_HEADER_SEARCH_PATHS = "";
			};
			name = Release;
		};
		1DEB922308733DC00010E9CD /* Debug */ = {
			isa = XCBuildConfiguration;
			baseConfigurationReference = 24DD6D1B1134B66800162E58 /* titanium.xcconfig */;
			buildSettings = {
				ARCHS = (
					armv6,
					armv7,
				);
				"ARCHS[sdk=iphoneos*]" = (
					armv6,
					armv7,
				);
				"ARCHS[sdk=iphonesimulator*]" = i386;
				CODE_SIGN_IDENTITY = "iPhone Developer";
				"CODE_SIGN_IDENTITY[sdk=iphoneos*]" = "iPhone Developer";
				DSTROOT = /tmp/TiInmobi.dst;
				GCC_C_LANGUAGE_STANDARD = c99;
				GCC_OPTIMIZATION_LEVEL = 0;
				GCC_PRECOMPILE_PREFIX_HEADER = YES;
				GCC_PREFIX_HEADER = TiInmobi_Prefix.pch;
				GCC_PREPROCESSOR_DEFINITIONS = "TI_VERSION=$(TI_VERSION)";
				GCC_TREAT_WARNINGS_AS_ERRORS = NO;
				GCC_VERSION = "";
				GCC_WARN_ABOUT_RETURN_TYPE = NO;
				GCC_WARN_MISSING_PARENTHESES = NO;
				GCC_WARN_SHADOW = NO;
				GCC_WARN_STRICT_SELECTOR_MATCH = NO;
				GCC_WARN_UNUSED_FUNCTION = YES;
				GCC_WARN_UNUSED_PARAMETER = NO;
				GCC_WARN_UNUSED_VALUE = NO;
				GCC_WARN_UNUSED_VARIABLE = NO;
				INSTALL_PATH = /usr/local/lib;
				OTHER_CFLAGS = (
					"-DDEBUG",
					"-DTI_POST_1_2",
				);
				OTHER_LDFLAGS = "-ObjC";
				PRODUCT_NAME = TiInmobi;
				PROVISIONING_PROFILE = "";
				"PROVISIONING_PROFILE[sdk=iphoneos*]" = "";
				RUN_CLANG_STATIC_ANALYZER = NO;
				SDKROOT = iphoneos;
				USER_HEADER_SEARCH_PATHS = "";
			};
			name = Debug;
		};
		1DEB922408733DC00010E9CD /* Release */ = {
			isa = XCBuildConfiguration;
			baseConfigurationReference = 24DD6D1B1134B66800162E58 /* titanium.xcconfig */;
			buildSettings = {
				ALWAYS_SEARCH_USER_PATHS = NO;
				ARCHS = (
					armv6,
					armv7,
				);
				"ARCHS[sdk=iphoneos*]" = (
					armv6,
					armv7,
				);
				"ARCHS[sdk=iphonesimulator*]" = i386;
				DSTROOT = /tmp/TiInmobi.dst;
				GCC_C_LANGUAGE_STANDARD = c99;
				GCC_MODEL_TUNING = G5;
				GCC_PRECOMPILE_PREFIX_HEADER = YES;
				GCC_PREFIX_HEADER = TiInmobi_Prefix.pch;
				GCC_PREPROCESSOR_DEFINITIONS = "TI_VERSION=$(TI_VERSION)";
				GCC_TREAT_WARNINGS_AS_ERRORS = NO;
				GCC_VERSION = "";
				GCC_WARN_ABOUT_RETURN_TYPE = NO;
				GCC_WARN_MISSING_PARENTHESES = NO;
				GCC_WARN_SHADOW = NO;
				GCC_WARN_STRICT_SELECTOR_MATCH = NO;
				GCC_WARN_UNUSED_FUNCTION = YES;
				GCC_WARN_UNUSED_PARAMETER = NO;
				GCC_WARN_UNUSED_VALUE = NO;
				GCC_WARN_UNUSED_VARIABLE = NO;
				INSTALL_PATH = /usr/local/lib;
				IPHONEOS_DEPLOYMENT_TARGET = 4.0;
				OTHER_CFLAGS = "-DTI_POST_1_2";
				OTHER_LDFLAGS = "-ObjC";
				PRODUCT_NAME = TiInmobi;
				RUN_CLANG_STATIC_ANALYZER = NO;
				SDKROOT = iphoneos;
				USER_HEADER_SEARCH_PATHS = "";
			};
			name = Release;
		};
		24416B8211C4CA220047AFDD /* Debug */ = {
			isa = XCBuildConfiguration;
			baseConfigurationReference = 24DD6D1B1134B66800162E58 /* titanium.xcconfig */;
			buildSettings = {
				COPY_PHASE_STRIP = NO;
				GCC_DYNAMIC_NO_PIC = NO;
				GCC_OPTIMIZATION_LEVEL = 0;
				PRODUCT_NAME = "Build & test";
			};
			name = Debug;
		};
		24416B8311C4CA220047AFDD /* Release */ = {
			isa = XCBuildConfiguration;
			baseConfigurationReference = 24DD6D1B1134B66800162E58 /* titanium.xcconfig */;
			buildSettings = {
				COPY_PHASE_STRIP = YES;
				DEBUG_INFORMATION_FORMAT = "dwarf-with-dsym";
				GCC_ENABLE_FIX_AND_CONTINUE = NO;
				PRODUCT_NAME = "Build & test";
				ZERO_LINK = NO;
			};
			name = Release;
		};
/* End XCBuildConfiguration section */

/* Begin XCConfigurationList section */
		1DEB921E08733DC00010E9CD /* Build configuration list for PBXNativeTarget "inmobimodule" */ = {
			isa = XCConfigurationList;
			buildConfigurations = (
				1DEB921F08733DC00010E9CD /* Debug */,
				1DEB922008733DC00010E9CD /* Release */,
			);
			defaultConfigurationIsVisible = 0;
			defaultConfigurationName = Release;
		};
		1DEB922208733DC00010E9CD /* Build configuration list for PBXProject "inmobimodule" */ = {
			isa = XCConfigurationList;
			buildConfigurations = (
				1DEB922308733DC00010E9CD /* Debug */,
				1DEB922408733DC00010E9CD /* Release */,
			);
			defaultConfigurationIsVisible = 0;
			defaultConfigurationName = Release;
		};
		24416B8A11C4CA520047AFDD /* Build configuration list for PBXAggregateTarget "Build & Test" */ = {
			isa = XCConfigurationList;
			buildConfigurations = (
				24416B8211C4CA220047AFDD /* Debug */,
				24416B8311C4CA220047AFDD /* Release */,
			);
			defaultConfigurationIsVisible = 0;
			defaultConfigurationName = Release;
		};
/* End XCConfigurationList section */
	};
	rootObject = 0867D690FE84028FC02AAC07 /* Project object */;
}
